
Microsoft Visual Studio Solution File, Format Version 12.00
# Visual Studio Version 17
VisualStudioVersion = 17.14.36414.22 d17.14
MinimumVisualStudioVersion = 10.0.40219.1
Project("{FAE04EC0-301F-11D3-BF4B-00C04F79EFBC}") = "Sol 1", "Sol 1\Sol 1.csproj", "{0D685A72-F79E-49C1-A33B-96D2A87DEF21}"
EndProject
Global
	GlobalSection(SolutionConfigurationPlatforms) = preSolution
		Debug|Any CPU = Debug|Any CPU
		Release|Any CPU = Release|Any CPU
	EndGlobalSection
	GlobalSection(ProjectConfigurationPlatforms) = postSolution
		{0D685A72-F79E-49C1-A33B-96D2A87DEF21}.Debug|Any CPU.ActiveCfg = Debug|Any CPU
		{0D685A72-F79E-49C1-A33B-96D2A87DEF21}.Debug|Any CPU.Build.0 = Debug|Any CPU
		{0D685A72-F79E-49C1-A33B-96D2A87DEF21}.Release|Any CPU.ActiveCfg = Release|Any CPU
		{0D685A72-F79E-49C1-A33B-96D2A87DEF21}.Release|Any CPU.Build.0 = Release|Any CPU
	EndGlobalSection
	GlobalSection(SolutionProperties) = preSolution
		HideSolutionNode = FALSE
	EndGlobalSection
	GlobalSection(ExtensibilityGlobals) = postSolution
		SolutionGuid = {1B051C38-0409-43F4-9B50-C4602CAEE250}
	EndGlobalSection
EndGlobal
