
Microsoft Visual Studio Solution File, Format Version 12.00
# Visual Studio Version 17
VisualStudioVersion = 17.14.36414.22
MinimumVisualStudioVersion = 10.0.40219.1
Project("{FAE04EC0-301F-11D3-BF4B-00C04F79EFBC}") = "Sol 1", "Sol 1\Sol 1.csproj", "{0D685A72-F79E-49C1-A33B-96D2A87DEF21}"
EndProject
Project("{FAE04EC0-301F-11D3-BF4B-00C04F79EFBC}") = "Sol 2", "Sol 2\Sol 2.csproj", "{9C7AEA70-48AA-4FBB-8A53-D083260E9EB5}"
EndProject
Project("{FAE04EC0-301F-11D3-BF4B-00C04F79EFBC}") = "Sol3", "Sol3\Sol3.csproj", "{7D1ACD7C-C87A-4479-9081-3777C7BA071C}"
EndProject
Project("{FAE04EC0-301F-11D3-BF4B-00C04F79EFBC}") = "Sol 4", "Sol 4\Sol 4.csproj", "{4BEDE3B0-7D85-44C6-A993-3C0D17ED4721}"
EndProject
Project("{FAE04EC0-301F-11D3-BF4B-00C04F79EFBC}") = "Sol 5", "Sol 5\Sol 5.csproj", "{A11C3969-27C8-4B06-BF5E-22A54D875EBE}"
EndProject
Project("{FAE04EC0-301F-11D3-BF4B-00C04F79EFBC}") = "Sol 6", "Sol 6\Sol 6.csproj", "{1AB2D21D-FAAE-4DE0-86FB-6A6018ED5918}"
EndProject
Project("{FAE04EC0-301F-11D3-BF4B-00C04F79EFBC}") = "Sol 7", "Sol 7\Sol 7.csproj", "{8D1554F6-4CB7-43B6-B0A2-EF748AF73F08}"
EndProject
Project("{FAE04EC0-301F-11D3-BF4B-00C04F79EFBC}") = "Sol 8", "Sol 8\Sol 8.csproj", "{93779A05-9497-4B82-B484-743DC9F326F6}"
EndProject
Project("{FAE04EC0-301F-11D3-BF4B-00C04F79EFBC}") = "Sol 9", "Sol 9\Sol 9.csproj", "{BC5EAE7C-55B1-42A5-8E00-2EDBB55074AD}"
EndProject
Project("{FAE04EC0-301F-11D3-BF4B-00C04F79EFBC}") = "Sol 10", "Sol 10\Sol 10.csproj", "{B2166CDC-7C99-4A10-9EDC-82AA1AF97CA6}"
EndProject
Project("{FAE04EC0-301F-11D3-BF4B-00C04F79EFBC}") = "Sol 11", "Sol 11\Sol 11.csproj", "{051596A2-B75A-483E-B5B1-3894E25BF3DA}"
EndProject
Project("{FAE04EC0-301F-11D3-BF4B-00C04F79EFBC}") = "Sol 12", "Sol 12\Sol 12.csproj", "{5A2B3708-6D8C-480D-8F37-506A18A277BE}"
EndProject
Project("{FAE04EC0-301F-11D3-BF4B-00C04F79EFBC}") = "Sol 13", "Sol 13\Sol 13.csproj", "{03290D40-6D4F-4925-A46A-CC152B6B267E}"
EndProject
Project("{FAE04EC0-301F-11D3-BF4B-00C04F79EFBC}") = "Sol 14", "Sol 14\Sol 14.csproj", "{E3FA3661-54B0-4649-82C4-1800D9073063}"
EndProject
Project("{FAE04EC0-301F-11D3-BF4B-00C04F79EFBC}") = "Sol 15", "Sol 15\Sol 15.csproj", "{429C5324-42E4-4993-A243-F2DAC7B763E4}"
EndProject
Project("{FAE04EC0-301F-11D3-BF4B-00C04F79EFBC}") = "Sol 16", "Sol 16\Sol 16.csproj", "{F001CDB5-E9B8-4007-BDAE-75A4E376C7F6}"
EndProject
Project("{FAE04EC0-301F-11D3-BF4B-00C04F79EFBC}") = "Sol 17", "Sol 17\Sol 17.csproj", "{71A4A4F7-8EF2-4420-8AB2-957937B958B1}"
EndProject
Global
	GlobalSection(SolutionConfigurationPlatforms) = preSolution
		Debug|Any CPU = Debug|Any CPU
		Release|Any CPU = Release|Any CPU
	EndGlobalSection
	GlobalSection(ProjectConfigurationPlatforms) = postSolution
		{0D685A72-F79E-49C1-A33B-96D2A87DEF21}.Debug|Any CPU.ActiveCfg = Debug|Any CPU
		{0D685A72-F79E-49C1-A33B-96D2A87DEF21}.Debug|Any CPU.Build.0 = Debug|Any CPU
		{0D685A72-F79E-49C1-A33B-96D2A87DEF21}.Release|Any CPU.ActiveCfg = Release|Any CPU
		{0D685A72-F79E-49C1-A33B-96D2A87DEF21}.Release|Any CPU.Build.0 = Release|Any CPU
		{9C7AEA70-48AA-4FBB-8A53-D083260E9EB5}.Debug|Any CPU.ActiveCfg = Debug|Any CPU
		{9C7AEA70-48AA-4FBB-8A53-D083260E9EB5}.Debug|Any CPU.Build.0 = Debug|Any CPU
		{9C7AEA70-48AA-4FBB-8A53-D083260E9EB5}.Release|Any CPU.ActiveCfg = Release|Any CPU
		{9C7AEA70-48AA-4FBB-8A53-D083260E9EB5}.Release|Any CPU.Build.0 = Release|Any CPU
		{7D1ACD7C-C87A-4479-9081-3777C7BA071C}.Debug|Any CPU.ActiveCfg = Debug|Any CPU
		{7D1ACD7C-C87A-4479-9081-3777C7BA071C}.Debug|Any CPU.Build.0 = Debug|Any CPU
		{7D1ACD7C-C87A-4479-9081-3777C7BA071C}.Release|Any CPU.ActiveCfg = Release|Any CPU
		{7D1ACD7C-C87A-4479-9081-3777C7BA071C}.Release|Any CPU.Build.0 = Release|Any CPU
		{4BEDE3B0-7D85-44C6-A993-3C0D17ED4721}.Debug|Any CPU.ActiveCfg = Debug|Any CPU
		{4BEDE3B0-7D85-44C6-A993-3C0D17ED4721}.Debug|Any CPU.Build.0 = Debug|Any CPU
		{4BEDE3B0-7D85-44C6-A993-3C0D17ED4721}.Release|Any CPU.ActiveCfg = Release|Any CPU
		{4BEDE3B0-7D85-44C6-A993-3C0D17ED4721}.Release|Any CPU.Build.0 = Release|Any CPU
		{A11C3969-27C8-4B06-BF5E-22A54D875EBE}.Debug|Any CPU.ActiveCfg = Debug|Any CPU
		{A11C3969-27C8-4B06-BF5E-22A54D875EBE}.Debug|Any CPU.Build.0 = Debug|Any CPU
		{A11C3969-27C8-4B06-BF5E-22A54D875EBE}.Release|Any CPU.ActiveCfg = Release|Any CPU
		{A11C3969-27C8-4B06-BF5E-22A54D875EBE}.Release|Any CPU.Build.0 = Release|Any CPU
		{1AB2D21D-FAAE-4DE0-86FB-6A6018ED5918}.Debug|Any CPU.ActiveCfg = Debug|Any CPU
		{1AB2D21D-FAAE-4DE0-86FB-6A6018ED5918}.Debug|Any CPU.Build.0 = Debug|Any CPU
		{1AB2D21D-FAAE-4DE0-86FB-6A6018ED5918}.Release|Any CPU.ActiveCfg = Release|Any CPU
		{1AB2D21D-FAAE-4DE0-86FB-6A6018ED5918}.Release|Any CPU.Build.0 = Release|Any CPU
		{8D1554F6-4CB7-43B6-B0A2-EF748AF73F08}.Debug|Any CPU.ActiveCfg = Debug|Any CPU
		{8D1554F6-4CB7-43B6-B0A2-EF748AF73F08}.Debug|Any CPU.Build.0 = Debug|Any CPU
		{8D1554F6-4CB7-43B6-B0A2-EF748AF73F08}.Release|Any CPU.ActiveCfg = Release|Any CPU
		{8D1554F6-4CB7-43B6-B0A2-EF748AF73F08}.Release|Any CPU.Build.0 = Release|Any CPU
		{93779A05-9497-4B82-B484-743DC9F326F6}.Debug|Any CPU.ActiveCfg = Debug|Any CPU
		{93779A05-9497-4B82-B484-743DC9F326F6}.Debug|Any CPU.Build.0 = Debug|Any CPU
		{93779A05-9497-4B82-B484-743DC9F326F6}.Release|Any CPU.ActiveCfg = Release|Any CPU
		{93779A05-9497-4B82-B484-743DC9F326F6}.Release|Any CPU.Build.0 = Release|Any CPU
		{BC5EAE7C-55B1-42A5-8E00-2EDBB55074AD}.Debug|Any CPU.ActiveCfg = Debug|Any CPU
		{BC5EAE7C-55B1-42A5-8E00-2EDBB55074AD}.Debug|Any CPU.Build.0 = Debug|Any CPU
		{BC5EAE7C-55B1-42A5-8E00-2EDBB55074AD}.Release|Any CPU.ActiveCfg = Release|Any CPU
		{BC5EAE7C-55B1-42A5-8E00-2EDBB55074AD}.Release|Any CPU.Build.0 = Release|Any CPU
		{B2166CDC-7C99-4A10-9EDC-82AA1AF97CA6}.Debug|Any CPU.ActiveCfg = Debug|Any CPU
		{B2166CDC-7C99-4A10-9EDC-82AA1AF97CA6}.Debug|Any CPU.Build.0 = Debug|Any CPU
		{B2166CDC-7C99-4A10-9EDC-82AA1AF97CA6}.Release|Any CPU.ActiveCfg = Release|Any CPU
		{B2166CDC-7C99-4A10-9EDC-82AA1AF97CA6}.Release|Any CPU.Build.0 = Release|Any CPU
		{051596A2-B75A-483E-B5B1-3894E25BF3DA}.Debug|Any CPU.ActiveCfg = Debug|Any CPU
		{051596A2-B75A-483E-B5B1-3894E25BF3DA}.Debug|Any CPU.Build.0 = Debug|Any CPU
		{051596A2-B75A-483E-B5B1-3894E25BF3DA}.Release|Any CPU.ActiveCfg = Release|Any CPU
		{051596A2-B75A-483E-B5B1-3894E25BF3DA}.Release|Any CPU.Build.0 = Release|Any CPU
		{5A2B3708-6D8C-480D-8F37-506A18A277BE}.Debug|Any CPU.ActiveCfg = Debug|Any CPU
		{5A2B3708-6D8C-480D-8F37-506A18A277BE}.Debug|Any CPU.Build.0 = Debug|Any CPU
		{5A2B3708-6D8C-480D-8F37-506A18A277BE}.Release|Any CPU.ActiveCfg = Release|Any CPU
		{5A2B3708-6D8C-480D-8F37-506A18A277BE}.Release|Any CPU.Build.0 = Release|Any CPU
		{03290D40-6D4F-4925-A46A-CC152B6B267E}.Debug|Any CPU.ActiveCfg = Debug|Any CPU
		{03290D40-6D4F-4925-A46A-CC152B6B267E}.Debug|Any CPU.Build.0 = Debug|Any CPU
		{03290D40-6D4F-4925-A46A-CC152B6B267E}.Release|Any CPU.ActiveCfg = Release|Any CPU
		{03290D40-6D4F-4925-A46A-CC152B6B267E}.Release|Any CPU.Build.0 = Release|Any CPU
		{E3FA3661-54B0-4649-82C4-1800D9073063}.Debug|Any CPU.ActiveCfg = Debug|Any CPU
		{E3FA3661-54B0-4649-82C4-1800D9073063}.Debug|Any CPU.Build.0 = Debug|Any CPU
		{E3FA3661-54B0-4649-82C4-1800D9073063}.Release|Any CPU.ActiveCfg = Release|Any CPU
		{E3FA3661-54B0-4649-82C4-1800D9073063}.Release|Any CPU.Build.0 = Release|Any CPU
		{429C5324-42E4-4993-A243-F2DAC7B763E4}.Debug|Any CPU.ActiveCfg = Debug|Any CPU
		{429C5324-42E4-4993-A243-F2DAC7B763E4}.Debug|Any CPU.Build.0 = Debug|Any CPU
		{429C5324-42E4-4993-A243-F2DAC7B763E4}.Release|Any CPU.ActiveCfg = Release|Any CPU
		{429C5324-42E4-4993-A243-F2DAC7B763E4}.Release|Any CPU.Build.0 = Release|Any CPU
		{F001CDB5-E9B8-4007-BDAE-75A4E376C7F6}.Debug|Any CPU.ActiveCfg = Debug|Any CPU
		{F001CDB5-E9B8-4007-BDAE-75A4E376C7F6}.Debug|Any CPU.Build.0 = Debug|Any CPU
		{F001CDB5-E9B8-4007-BDAE-75A4E376C7F6}.Release|Any CPU.ActiveCfg = Release|Any CPU
		{F001CDB5-E9B8-4007-BDAE-75A4E376C7F6}.Release|Any CPU.Build.0 = Release|Any CPU
		{71A4A4F7-8EF2-4420-8AB2-957937B958B1}.Debug|Any CPU.ActiveCfg = Debug|Any CPU
		{71A4A4F7-8EF2-4420-8AB2-957937B958B1}.Debug|Any CPU.Build.0 = Debug|Any CPU
		{71A4A4F7-8EF2-4420-8AB2-957937B958B1}.Release|Any CPU.ActiveCfg = Release|Any CPU
		{71A4A4F7-8EF2-4420-8AB2-957937B958B1}.Release|Any CPU.Build.0 = Release|Any CPU
	EndGlobalSection
	GlobalSection(SolutionProperties) = preSolution
		HideSolutionNode = FALSE
	EndGlobalSection
	GlobalSection(ExtensibilityGlobals) = postSolution
		SolutionGuid = {1B051C38-0409-43F4-9B50-C4602CAEE250}
	EndGlobalSection
EndGlobal
