
Microsoft Visual Studio Solution File, Format Version 12.00
# Visual Studio Version 17
VisualStudioVersion = 17.14.36414.22 d17.14
MinimumVisualStudioVersion = 10.0.40219.1
Project("{FAE04EC0-301F-11D3-BF4B-00C04F79EFBC}") = "Sol 01", "Sol 01\Sol 01.csproj", "{5EE00612-90BF-490E-8E5E-1CFE239750F1}"
EndProject
Global
	GlobalSection(SolutionConfigurationPlatforms) = preSolution
		Debug|Any CPU = Debug|Any CPU
		Release|Any CPU = Release|Any CPU
	EndGlobalSection
	GlobalSection(ProjectConfigurationPlatforms) = postSolution
		{5EE00612-90BF-490E-8E5E-1CFE239750F1}.Debug|Any CPU.ActiveCfg = Debug|Any CPU
		{5EE00612-90BF-490E-8E5E-1CFE239750F1}.Debug|Any CPU.Build.0 = Debug|Any CPU
		{5EE00612-90BF-490E-8E5E-1CFE239750F1}.Release|Any CPU.ActiveCfg = Release|Any CPU
		{5EE00612-90BF-490E-8E5E-1CFE239750F1}.Release|Any CPU.Build.0 = Release|Any CPU
	EndGlobalSection
	GlobalSection(SolutionProperties) = preSolution
		HideSolutionNode = FALSE
	EndGlobalSection
	GlobalSection(ExtensibilityGlobals) = postSolution
		SolutionGuid = {CFE99033-4F06-49FB-A225-C18F2EC0EC74}
	EndGlobalSection
EndGlobal
