
Microsoft Visual Studio Solution File, Format Version 12.00
# Visual Studio Version 17
VisualStudioVersion = 17.8.34511.84
MinimumVisualStudioVersion = 10.0.40219.1
Project("{9A19103F-16F7-4668-BE54-9A1E7A4F7556}") = "Sol 1", "Solutions\Sol 1.csproj", "{FE931AC9-01F7-4987-83EB-187CD555E162}"
EndProject
Project("{9A19103F-16F7-4668-BE54-9A1E7A4F7556}") = "Core", "Core\Core.csproj", "{4844B97C-B485-4252-8C12-462A33ADC918}"
EndProject
Project("{9A19103F-16F7-4668-BE54-9A1E7A4F7556}") = "Sol 2", "Sol 2\Sol 2.csproj", "{7BC1E7F4-1BC4-491F-BFAD-352C73A53D64}"
EndProject
Project("{9A19103F-16F7-4668-BE54-9A1E7A4F7556}") = "Sol 3", "Sol 3\Sol 3.csproj", "{52FF4599-5374-41CB-92CA-C08BF68384F0}"
EndProject
Project("{9A19103F-16F7-4668-BE54-9A1E7A4F7556}") = "Sol 4", "Sol 4\Sol 4.csproj", "{84CC8B0B-9AD0-4618-B9FD-D13CF08273E3}"
EndProject
Project("{9A19103F-16F7-4668-BE54-9A1E7A4F7556}") = "Sol 5", "Sol 5\Sol 5.csproj", "{F187E398-B1B5-4BD5-921E-40FA0B89A927}"
EndProject
Project("{FAE04EC0-301F-11D3-BF4B-00C04F79EFBC}") = "Sol 6", "Sol 6\Sol 6.csproj", "{1F38D257-67E7-4BC9-BA49-7B3D9F3D8E26}"
EndProject
Global
	GlobalSection(SolutionConfigurationPlatforms) = preSolution
		Debug|Any CPU = Debug|Any CPU
		Release|Any CPU = Release|Any CPU
	EndGlobalSection
	GlobalSection(ProjectConfigurationPlatforms) = postSolution
		{FE931AC9-01F7-4987-83EB-187CD555E162}.Debug|Any CPU.ActiveCfg = Debug|Any CPU
		{FE931AC9-01F7-4987-83EB-187CD555E162}.Debug|Any CPU.Build.0 = Debug|Any CPU
		{FE931AC9-01F7-4987-83EB-187CD555E162}.Release|Any CPU.ActiveCfg = Release|Any CPU
		{FE931AC9-01F7-4987-83EB-187CD555E162}.Release|Any CPU.Build.0 = Release|Any CPU
		{4844B97C-B485-4252-8C12-462A33ADC918}.Debug|Any CPU.ActiveCfg = Debug|Any CPU
		{4844B97C-B485-4252-8C12-462A33ADC918}.Debug|Any CPU.Build.0 = Debug|Any CPU
		{4844B97C-B485-4252-8C12-462A33ADC918}.Release|Any CPU.ActiveCfg = Release|Any CPU
		{4844B97C-B485-4252-8C12-462A33ADC918}.Release|Any CPU.Build.0 = Release|Any CPU
		{7BC1E7F4-1BC4-491F-BFAD-352C73A53D64}.Debug|Any CPU.ActiveCfg = Debug|Any CPU
		{7BC1E7F4-1BC4-491F-BFAD-352C73A53D64}.Debug|Any CPU.Build.0 = Debug|Any CPU
		{7BC1E7F4-1BC4-491F-BFAD-352C73A53D64}.Release|Any CPU.ActiveCfg = Release|Any CPU
		{7BC1E7F4-1BC4-491F-BFAD-352C73A53D64}.Release|Any CPU.Build.0 = Release|Any CPU
		{52FF4599-5374-41CB-92CA-C08BF68384F0}.Debug|Any CPU.ActiveCfg = Debug|Any CPU
		{52FF4599-5374-41CB-92CA-C08BF68384F0}.Debug|Any CPU.Build.0 = Debug|Any CPU
		{52FF4599-5374-41CB-92CA-C08BF68384F0}.Release|Any CPU.ActiveCfg = Release|Any CPU
		{52FF4599-5374-41CB-92CA-C08BF68384F0}.Release|Any CPU.Build.0 = Release|Any CPU
		{84CC8B0B-9AD0-4618-B9FD-D13CF08273E3}.Debug|Any CPU.ActiveCfg = Debug|Any CPU
		{84CC8B0B-9AD0-4618-B9FD-D13CF08273E3}.Debug|Any CPU.Build.0 = Debug|Any CPU
		{84CC8B0B-9AD0-4618-B9FD-D13CF08273E3}.Release|Any CPU.ActiveCfg = Release|Any CPU
		{84CC8B0B-9AD0-4618-B9FD-D13CF08273E3}.Release|Any CPU.Build.0 = Release|Any CPU
		{F187E398-B1B5-4BD5-921E-40FA0B89A927}.Debug|Any CPU.ActiveCfg = Debug|Any CPU
		{F187E398-B1B5-4BD5-921E-40FA0B89A927}.Debug|Any CPU.Build.0 = Debug|Any CPU
		{F187E398-B1B5-4BD5-921E-40FA0B89A927}.Release|Any CPU.ActiveCfg = Release|Any CPU
		{F187E398-B1B5-4BD5-921E-40FA0B89A927}.Release|Any CPU.Build.0 = Release|Any CPU
		{1F38D257-67E7-4BC9-BA49-7B3D9F3D8E26}.Debug|Any CPU.ActiveCfg = Debug|Any CPU
		{1F38D257-67E7-4BC9-BA49-7B3D9F3D8E26}.Debug|Any CPU.Build.0 = Debug|Any CPU
		{1F38D257-67E7-4BC9-BA49-7B3D9F3D8E26}.Release|Any CPU.ActiveCfg = Release|Any CPU
		{1F38D257-67E7-4BC9-BA49-7B3D9F3D8E26}.Release|Any CPU.Build.0 = Release|Any CPU
	EndGlobalSection
	GlobalSection(SolutionProperties) = preSolution
		HideSolutionNode = FALSE
	EndGlobalSection
	GlobalSection(ExtensibilityGlobals) = postSolution
		SolutionGuid = {AE2BF933-CBD0-4285-8AC4-19A5EC3D5176}
	EndGlobalSection
EndGlobal
